
Microsoft Visual Studio Solution File, Format Version 12.00
# Visual Studio Version 16
VisualStudioVersion = 16.0.31005.135
MinimumVisualStudioVersion = 10.0.40219.1
Project("{8BC9CEB8-8B4A-11D0-8D11-00A0C91BC942}") = "Aneo", "Aneo\Aneo.vcxproj", "{1F63238A-814A-4D90-A44E-49D2F016A607}"
EndProject
Project("{8BC9CEB8-8B4A-11D0-8D11-00A0C91BC942}") = "BenderEp1", "BenderEp1\BenderEp1.vcxproj", "{F6553E9E-94FA-4E99-A3AF-0DB6E2F4EBFA}"
EndProject
Global
	GlobalSection(SolutionConfigurationPlatforms) = preSolution
		Debug|x64 = Debug|x64
		Debug|x86 = Debug|x86
		Release|x64 = Release|x64
		Release|x86 = Release|x86
	EndGlobalSection
	GlobalSection(ProjectConfigurationPlatforms) = postSolution
		{1F63238A-814A-4D90-A44E-49D2F016A607}.Debug|x64.ActiveCfg = Debug|x64
		{1F63238A-814A-4D90-A44E-49D2F016A607}.Debug|x64.Build.0 = Debug|x64
		{1F63238A-814A-4D90-A44E-49D2F016A607}.Debug|x86.ActiveCfg = Debug|Win32
		{1F63238A-814A-4D90-A44E-49D2F016A607}.Debug|x86.Build.0 = Debug|Win32
		{1F63238A-814A-4D90-A44E-49D2F016A607}.Release|x64.ActiveCfg = Release|x64
		{1F63238A-814A-4D90-A44E-49D2F016A607}.Release|x64.Build.0 = Release|x64
		{1F63238A-814A-4D90-A44E-49D2F016A607}.Release|x86.ActiveCfg = Release|Win32
		{1F63238A-814A-4D90-A44E-49D2F016A607}.Release|x86.Build.0 = Release|Win32
		{F6553E9E-94FA-4E99-A3AF-0DB6E2F4EBFA}.Debug|x64.ActiveCfg = Debug|x64
		{F6553E9E-94FA-4E99-A3AF-0DB6E2F4EBFA}.Debug|x64.Build.0 = Debug|x64
		{F6553E9E-94FA-4E99-A3AF-0DB6E2F4EBFA}.Debug|x86.ActiveCfg = Debug|Win32
		{F6553E9E-94FA-4E99-A3AF-0DB6E2F4EBFA}.Debug|x86.Build.0 = Debug|Win32
		{F6553E9E-94FA-4E99-A3AF-0DB6E2F4EBFA}.Release|x64.ActiveCfg = Release|x64
		{F6553E9E-94FA-4E99-A3AF-0DB6E2F4EBFA}.Release|x64.Build.0 = Release|x64
		{F6553E9E-94FA-4E99-A3AF-0DB6E2F4EBFA}.Release|x86.ActiveCfg = Release|Win32
		{F6553E9E-94FA-4E99-A3AF-0DB6E2F4EBFA}.Release|x86.Build.0 = Release|Win32
	EndGlobalSection
	GlobalSection(SolutionProperties) = preSolution
		HideSolutionNode = FALSE
	EndGlobalSection
	GlobalSection(ExtensibilityGlobals) = postSolution
		SolutionGuid = {22BCA3FD-E72C-419B-861D-0139CD7CDF17}
	EndGlobalSection
EndGlobal
